{
  "name": "npm_package-ajs",
  "version": "1.0.0",
  "lockfileVersion": 3,
  "requires": true,
  "packages": {
    "": {
      "name": "npm_package-ajs",
      "version": "1.0.0",
      "license": "ISC",
      "devDependencies": {
        "@bwl-andromeda/ajs": "^1.0.0"
      }
    },
    "node_modules/@bwl-andromeda/ajs": {
      "version": "1.0.0",
      "resolved": "https://npm.pkg.github.com/download/@bwl-andromeda/ajs/1.0.0/fe8e978afc73083fbde5cd533fc8657ffe786f5a",
      "integrity": "sha512-PB3Y4LPlGzrhvEINZi/xZzenzBxgRco+WHybFrSIfpVGs6k1NiZNo9BWvmR9EEl7BJcfVV1ErwkDirUgtR6iGg==",
      "dev": true,
      "license": "ISC"
    }
  }
}
